
Microsoft Visual Studio Solution File, Format Version 12.00
# Visual Studio Version 16
VisualStudioVersion = 16.0.29728.190
MinimumVisualStudioVersion = 10.0.40219.1
Project("{9A19103F-16F7-4668-BE54-9A1E7A4F7556}") = "Recruit300Podcast", "Recruit300Podcast.csproj", "{1232AFBC-7F13-44D8-8EED-5E24C15FF9BD}"
EndProject
Global
	GlobalSection(SolutionConfigurationPlatforms) = preSolution
		Debug|Any CPU = Debug|Any CPU
		Release|Any CPU = Release|Any CPU
	EndGlobalSection
	GlobalSection(ProjectConfigurationPlatforms) = postSolution
		{1232AFBC-7F13-44D8-8EED-5E24C15FF9BD}.Debug|Any CPU.ActiveCfg = Debug|Any CPU
		{1232AFBC-7F13-44D8-8EED-5E24C15FF9BD}.Debug|Any CPU.Build.0 = Debug|Any CPU
		{1232AFBC-7F13-44D8-8EED-5E24C15FF9BD}.Release|Any CPU.ActiveCfg = Release|Any CPU
		{1232AFBC-7F13-44D8-8EED-5E24C15FF9BD}.Release|Any CPU.Build.0 = Release|Any CPU
	EndGlobalSection
	GlobalSection(SolutionProperties) = preSolution
		HideSolutionNode = FALSE
	EndGlobalSection
	GlobalSection(ExtensibilityGlobals) = postSolution
		SolutionGuid = {B1268536-220C-4346-A3E4-F9B6662722A3}
	EndGlobalSection
EndGlobal
